
Microsoft Visual Studio Solution File, Format Version 12.00
# Visual Studio 15
VisualStudioVersion = 15.0.26124.0
MinimumVisualStudioVersion = 15.0.26124.0
Project("{9A19103F-16F7-4668-BE54-9A1E7A4F7556}") = "NHibernate.Benchmarks", "src\NHibernate.Benchmarks\NHibernate.Benchmarks.csproj", "{9A78A5D6-9A64-48AC-8766-1A2D2329D88D}"
EndProject
Project("{2150E333-8FDC-42A3-9474-1A3956D46DE8}") = "src", "src", "{CFAB785A-E74E-4879-A383-590BA4C471E9}"
EndProject
Project("{9A19103F-16F7-4668-BE54-9A1E7A4F7556}") = "NHibernate", "..\src\NHibernate\NHibernate.csproj", "{2B10709C-AFA7-49A7-A5C9-41B6416741AE}"
EndProject
Global
	GlobalSection(SolutionConfigurationPlatforms) = preSolution
		Debug|Any CPU = Debug|Any CPU
		Debug|x64 = Debug|x64
		Debug|x86 = Debug|x86
		Release|Any CPU = Release|Any CPU
		Release|x64 = Release|x64
		Release|x86 = Release|x86
	EndGlobalSection
	GlobalSection(ProjectConfigurationPlatforms) = postSolution
		{9A78A5D6-9A64-48AC-8766-1A2D2329D88D}.Debug|Any CPU.ActiveCfg = Debug|Any CPU
		{9A78A5D6-9A64-48AC-8766-1A2D2329D88D}.Debug|Any CPU.Build.0 = Debug|Any CPU
		{9A78A5D6-9A64-48AC-8766-1A2D2329D88D}.Debug|x64.ActiveCfg = Debug|Any CPU
		{9A78A5D6-9A64-48AC-8766-1A2D2329D88D}.Debug|x64.Build.0 = Debug|Any CPU
		{9A78A5D6-9A64-48AC-8766-1A2D2329D88D}.Debug|x86.ActiveCfg = Debug|Any CPU
		{9A78A5D6-9A64-48AC-8766-1A2D2329D88D}.Debug|x86.Build.0 = Debug|Any CPU
		{9A78A5D6-9A64-48AC-8766-1A2D2329D88D}.Release|Any CPU.ActiveCfg = Release|Any CPU
		{9A78A5D6-9A64-48AC-8766-1A2D2329D88D}.Release|Any CPU.Build.0 = Release|Any CPU
		{9A78A5D6-9A64-48AC-8766-1A2D2329D88D}.Release|x64.ActiveCfg = Release|Any CPU
		{9A78A5D6-9A64-48AC-8766-1A2D2329D88D}.Release|x64.Build.0 = Release|Any CPU
		{9A78A5D6-9A64-48AC-8766-1A2D2329D88D}.Release|x86.ActiveCfg = Release|Any CPU
		{9A78A5D6-9A64-48AC-8766-1A2D2329D88D}.Release|x86.Build.0 = Release|Any CPU
		{2B10709C-AFA7-49A7-A5C9-41B6416741AE}.Debug|Any CPU.ActiveCfg = Debug|Any CPU
		{2B10709C-AFA7-49A7-A5C9-41B6416741AE}.Debug|Any CPU.Build.0 = Debug|Any CPU
		{2B10709C-AFA7-49A7-A5C9-41B6416741AE}.Debug|x64.ActiveCfg = Debug|Any CPU
		{2B10709C-AFA7-49A7-A5C9-41B6416741AE}.Debug|x64.Build.0 = Debug|Any CPU
		{2B10709C-AFA7-49A7-A5C9-41B6416741AE}.Debug|x86.ActiveCfg = Debug|Any CPU
		{2B10709C-AFA7-49A7-A5C9-41B6416741AE}.Debug|x86.Build.0 = Debug|Any CPU
		{2B10709C-AFA7-49A7-A5C9-41B6416741AE}.Release|Any CPU.ActiveCfg = Release|Any CPU
		{2B10709C-AFA7-49A7-A5C9-41B6416741AE}.Release|Any CPU.Build.0 = Release|Any CPU
		{2B10709C-AFA7-49A7-A5C9-41B6416741AE}.Release|x64.ActiveCfg = Release|Any CPU
		{2B10709C-AFA7-49A7-A5C9-41B6416741AE}.Release|x64.Build.0 = Release|Any CPU
		{2B10709C-AFA7-49A7-A5C9-41B6416741AE}.Release|x86.ActiveCfg = Release|Any CPU
		{2B10709C-AFA7-49A7-A5C9-41B6416741AE}.Release|x86.Build.0 = Release|Any CPU
	EndGlobalSection
	GlobalSection(SolutionProperties) = preSolution
		HideSolutionNode = FALSE
	EndGlobalSection
	GlobalSection(NestedProjects) = preSolution
		{9A78A5D6-9A64-48AC-8766-1A2D2329D88D} = {CFAB785A-E74E-4879-A383-590BA4C471E9}
		{2B10709C-AFA7-49A7-A5C9-41B6416741AE} = {CFAB785A-E74E-4879-A383-590BA4C471E9}
	EndGlobalSection
	GlobalSection(ExtensibilityGlobals) = postSolution
		SolutionGuid = {AC5BA856-A530-4EDA-BFBF-05CFE02F7168}
	EndGlobalSection
EndGlobal
